# generated by rye
# use `rye lock` or `rye sync` to update this lockfile
#
# last locked with the following flags:
#   pre: false
#   features: []
#   all-features: false
#   with-sources: false
#   generate-hashes: false
#   universal: false

-e file:.
aiohappyeyeballs==2.6.1
    # via aiohttp
aiohttp==3.12.15
    # via open-edison
aiosignal==1.4.0
    # via aiohttp
aiosqlite==0.21.0
    # via open-edison
annotated-types==0.7.0
    # via pydantic
anyio==4.10.0
    # via httpx
    # via mcp
    # via sse-starlette
    # via starlette
attrs==25.3.0
    # via aiohttp
    # via cyclopts
    # via jsonschema
    # via referencing
authlib==1.6.1
    # via fastmcp
basedpyright==1.31.1
certifi==2025.8.3
    # via httpcore
    # via httpx
    # via requests
cffi==1.17.1
    # via cryptography
charset-normalizer==3.4.2
    # via requests
click==8.2.1
    # via uvicorn
cryptography==45.0.5
    # via authlib
cyclopts==3.22.5
    # via fastmcp
dnspython==2.7.0
    # via email-validator
docstring-parser==0.17.0
    # via cyclopts
docutils==0.22
    # via readme-renderer
    # via rich-rst
email-validator==2.2.0
    # via pydantic
exceptiongroup==1.3.0
    # via fastmcp
fastapi==0.116.1
    # via open-edison
fastmcp==2.11.1
    # via open-edison
frozenlist==1.7.0
    # via aiohttp
    # via aiosignal
googleapis-common-protos==1.70.0
    # via opentelemetry-exporter-otlp-proto-grpc
    # via opentelemetry-exporter-otlp-proto-http
grpcio==1.74.0
    # via opentelemetry-exporter-otlp-proto-grpc
h11==0.16.0
    # via httpcore
    # via uvicorn
httpcore==1.0.9
    # via httpx
httpx==0.28.1
    # via fastmcp
    # via mcp
    # via open-edison
httpx-sse==0.4.1
    # via mcp
id==1.5.0
    # via twine
idna==3.10
    # via anyio
    # via email-validator
    # via httpx
    # via requests
    # via yarl
importlib-metadata==8.7.0
    # via opentelemetry-api
iniconfig==2.1.0
    # via pytest
isodate==0.7.2
    # via openapi-core
jaraco-classes==3.4.0
    # via keyring
jaraco-context==6.0.1
    # via keyring
jaraco-functools==4.2.1
    # via keyring
jsonschema==4.25.0
    # via mcp
    # via openapi-core
    # via openapi-schema-validator
    # via openapi-spec-validator
jsonschema-path==0.3.4
    # via openapi-core
    # via openapi-spec-validator
jsonschema-specifications==2025.4.1
    # via jsonschema
    # via openapi-schema-validator
keyring==25.6.0
    # via twine
lazy-object-proxy==1.11.0
    # via openapi-spec-validator
loguru==0.7.3
    # via open-edison
markdown-it-py==3.0.0
    # via rich
markupsafe==3.0.2
    # via werkzeug
mcp==1.12.3
    # via fastmcp
mdurl==0.1.2
    # via markdown-it-py
more-itertools==10.7.0
    # via jaraco-classes
    # via jaraco-functools
    # via openapi-core
multidict==6.6.3
    # via aiohttp
    # via yarl
nh3==0.3.0
    # via readme-renderer
nodejs-wheel-binaries==22.18.0
    # via basedpyright
openapi-core==0.19.5
    # via fastmcp
openapi-pydantic==0.5.1
    # via fastmcp
openapi-schema-validator==0.6.3
    # via openapi-core
    # via openapi-spec-validator
openapi-spec-validator==0.7.2
    # via openapi-core
opentelemetry-api==1.36.0
    # via open-edison
    # via opentelemetry-exporter-otlp-proto-grpc
    # via opentelemetry-exporter-otlp-proto-http
    # via opentelemetry-sdk
    # via opentelemetry-semantic-conventions
opentelemetry-exporter-otlp==1.36.0
    # via open-edison
opentelemetry-exporter-otlp-proto-common==1.36.0
    # via opentelemetry-exporter-otlp-proto-grpc
    # via opentelemetry-exporter-otlp-proto-http
opentelemetry-exporter-otlp-proto-grpc==1.36.0
    # via opentelemetry-exporter-otlp
opentelemetry-exporter-otlp-proto-http==1.36.0
    # via opentelemetry-exporter-otlp
opentelemetry-proto==1.36.0
    # via opentelemetry-exporter-otlp-proto-common
    # via opentelemetry-exporter-otlp-proto-grpc
    # via opentelemetry-exporter-otlp-proto-http
opentelemetry-sdk==1.36.0
    # via open-edison
    # via opentelemetry-exporter-otlp-proto-grpc
    # via opentelemetry-exporter-otlp-proto-http
opentelemetry-semantic-conventions==0.57b0
    # via opentelemetry-sdk
packaging==25.0
    # via pytest
    # via pytest-rerunfailures
    # via twine
parse==1.20.2
    # via openapi-core
pathable==0.4.4
    # via jsonschema-path
pluggy==1.6.0
    # via pytest
propcache==0.3.2
    # via aiohttp
    # via yarl
protobuf==6.31.1
    # via googleapis-common-protos
    # via opentelemetry-proto
pycparser==2.22
    # via cffi
pydantic==2.11.7
    # via fastapi
    # via fastmcp
    # via mcp
    # via openapi-pydantic
    # via pydantic-settings
pydantic-core==2.33.2
    # via pydantic
pydantic-settings==2.10.1
    # via mcp
pygments==2.19.2
    # via pytest
    # via readme-renderer
    # via rich
pyperclip==1.9.0
    # via fastmcp
pytest==8.4.1
    # via pytest-asyncio
    # via pytest-rerunfailures
pytest-asyncio==1.1.0
pytest-rerunfailures==15.1
python-dotenv==1.1.1
    # via fastmcp
    # via open-edison
    # via pydantic-settings
python-multipart==0.0.20
    # via mcp
pyyaml==6.0.2
    # via jsonschema-path
    # via open-edison
readme-renderer==44.0
    # via twine
referencing==0.36.2
    # via jsonschema
    # via jsonschema-path
    # via jsonschema-specifications
requests==2.32.4
    # via id
    # via jsonschema-path
    # via opentelemetry-exporter-otlp-proto-http
    # via requests-toolbelt
    # via twine
requests-toolbelt==1.0.0
    # via twine
rfc3339-validator==0.1.4
    # via openapi-schema-validator
rfc3986==2.0.0
    # via twine
rich==14.1.0
    # via cyclopts
    # via fastmcp
    # via rich-rst
    # via twine
rich-rst==1.3.1
    # via cyclopts
rpds-py==0.26.0
    # via jsonschema
    # via referencing
ruff==0.12.7
six==1.17.0
    # via rfc3339-validator
sniffio==1.3.1
    # via anyio
sqlalchemy==2.0.42
    # via open-edison
sse-starlette==3.0.2
    # via mcp
starlette==0.47.2
    # via fastapi
    # via mcp
    # via open-edison
twine==6.1.0
typing-extensions==4.14.1
    # via aiosignal
    # via aiosqlite
    # via anyio
    # via exceptiongroup
    # via fastapi
    # via openapi-core
    # via opentelemetry-api
    # via opentelemetry-exporter-otlp-proto-grpc
    # via opentelemetry-exporter-otlp-proto-http
    # via opentelemetry-sdk
    # via opentelemetry-semantic-conventions
    # via pydantic
    # via pydantic-core
    # via referencing
    # via sqlalchemy
    # via starlette
    # via typing-inspection
typing-inspection==0.4.1
    # via pydantic
    # via pydantic-settings
urllib3==2.5.0
    # via requests
    # via twine
uvicorn==0.35.0
    # via mcp
    # via open-edison
vulture==2.14
werkzeug==3.1.1
    # via openapi-core
yarl==1.20.1
    # via aiohttp
zipp==3.23.0
    # via importlib-metadata
